
Microsoft Visual Studio Solution File, Format Version 12.00
# Visual Studio Version 17
VisualStudioVersion = 17.3.32901.215
MinimumVisualStudioVersion = 10.0.40219.1
Project("{FAE04EC0-301F-11D3-BF4B-00C04F79EFBC}") = "IntroToAPI_Activity_5", "IntroToAPI_Activity_5\IntroToAPI_Activity_5.csproj", "{B2D06E73-671D-4B74-B4FD-8787846A1A7E}"
EndProject
Global
	GlobalSection(SolutionConfigurationPlatforms) = preSolution
		Debug|Any CPU = Debug|Any CPU
		Release|Any CPU = Release|Any CPU
	EndGlobalSection
	GlobalSection(ProjectConfigurationPlatforms) = postSolution
		{B2D06E73-671D-4B74-B4FD-8787846A1A7E}.Debug|Any CPU.ActiveCfg = Debug|Any CPU
		{B2D06E73-671D-4B74-B4FD-8787846A1A7E}.Debug|Any CPU.Build.0 = Debug|Any CPU
		{B2D06E73-671D-4B74-B4FD-8787846A1A7E}.Release|Any CPU.ActiveCfg = Release|Any CPU
		{B2D06E73-671D-4B74-B4FD-8787846A1A7E}.Release|Any CPU.Build.0 = Release|Any CPU
	EndGlobalSection
	GlobalSection(SolutionProperties) = preSolution
		HideSolutionNode = FALSE
	EndGlobalSection
	GlobalSection(ExtensibilityGlobals) = postSolution
		SolutionGuid = {09EBCC0E-742A-4D16-BF7A-C60DA8CF0385}
	EndGlobalSection
EndGlobal
